<Solution>
  <Folder Name="/root/">
    <File Path=".editorconfig" />
    <File Path=".gitignore" />
    <File Path="Directory.Build.props" />
    <File Path="Directory.Packages.props" />
    <File Path="global.json" />
    <File Path="nuget.config" />
  </Folder>
  <Folder Name="/tests/">
    <Project Path="tests/InfrastructureTests/InfrastructureTests.csproj" />
    <Project Path="tests/UnitTests/UnitTests.csproj" />
    <File Path="tests/Directory.Build.props" />
  </Folder>
  <Project Path="mcp/Lotto.MCP.csproj" />
  <Project Path="src/Lotto.csproj" />
</Solution>
